{
	"name": "@opticss/util",
	"version": "0.1.1",
	"lockfileVersion": 1,
	"requires": true,
	"dependencies": {
		"@types/node": {
			"version": "9.4.6",
			"resolved": "https://registry.npmjs.org/@types/node/-/node-9.4.6.tgz",
			"integrity": "sha512-CTUtLb6WqCCgp6P59QintjHWqzf4VL1uPA27bipLAPxFqrtK1gEYllePzTICGqQ8rYsCbpnsNypXjjDzGAAjEQ==",
			"dev": true
		}
	}
}
